// !$*UTF8*$!
{
	archiveVersion = 1;
	classes = {
	};
	objectVersion = 51;
	objects = {

/* Begin PBXBuildFile section */
		4B61048725C999430058D264 /* AppDelegate.swift in Sources */ = {isa = PBXBuildFile; fileRef = 4B61048625C999430058D264 /* AppDelegate.swift */; };
		4B61048B25C999430058D264 /* ViewController.swift in Sources */ = {isa = PBXBuildFile; fileRef = 4B61048A25C999430058D264 /* ViewController.swift */; };
		4B61048E25C999430058D264 /* Main.storyboard in Resources */ = {isa = PBXBuildFile; fileRef = 4B61048C25C999430058D264 /* Main.storyboard */; };
		4B61049025C999440058D264 /* Assets.xcassets in Resources */ = {isa = PBXBuildFile; fileRef = 4B61048F25C999440058D264 /* Assets.xcassets */; };
		4B61049325C999440058D264 /* LaunchScreen.storyboard in Resources */ = {isa = PBXBuildFile; fileRef = 4B61049125C999440058D264 /* LaunchScreen.storyboard */; };
		4B895B0C26210D7D00EB7312 /* FluidViewController.h in Headers */ = {isa = PBXBuildFile; fileRef = 4B895B0A26210D7D00EB7312 /* FluidViewController.h */; settings = {ATTRIBUTES = (Public, ); }; };
		4B895B0F26210D7D00EB7312 /* FluidPresentation.framework in Frameworks */ = {isa = PBXBuildFile; fileRef = 4B895B0826210D7D00EB7312 /* FluidPresentation.framework */; };
		4B895B1026210D7D00EB7312 /* FluidPresentation.framework in Embed Frameworks */ = {isa = PBXBuildFile; fileRef = 4B895B0826210D7D00EB7312 /* FluidPresentation.framework */; settings = {ATTRIBUTES = (CodeSignOnCopy, RemoveHeadersOnCopy, ); }; };
		4B895B1626210DA200EB7312 /* FluidViewController.swift in Sources */ = {isa = PBXBuildFile; fileRef = 4BA9B2792620409900CA3D45 /* FluidViewController.swift */; };
		4B895B1726210DA200EB7312 /* TransitionControllers.swift in Sources */ = {isa = PBXBuildFile; fileRef = 4BA9B27C26204CBB00CA3D45 /* TransitionControllers.swift */; };
		4B895B2226210F1700EB7312 /* SampleViewController.swift in Sources */ = {isa = PBXBuildFile; fileRef = 4B895B2126210F1700EB7312 /* SampleViewController.swift */; };
		4BF23D5426218B1B001D508B /* ContentView.swift in Sources */ = {isa = PBXBuildFile; fileRef = 4BF23D5326218B1B001D508B /* ContentView.swift */; };
		4BF23D5E2621B11D001D508B /* ScrollView+Handling.swift in Sources */ = {isa = PBXBuildFile; fileRef = 4BF23D5D2621B11D001D508B /* ScrollView+Handling.swift */; };
		4BF23D612621B857001D508B /* Log.swift in Sources */ = {isa = PBXBuildFile; fileRef = 4BF23D602621B857001D508B /* Log.swift */; };
		4BF23D6526220CFF001D508B /* FluidNavigationBarViewController.swift in Sources */ = {isa = PBXBuildFile; fileRef = 4BF23D6426220CFF001D508B /* FluidNavigationBarViewController.swift */; };
		4BF23D6E26221103001D508B /* NavigationSampleViewController.swift in Sources */ = {isa = PBXBuildFile; fileRef = 4BF23D6A262210DC001D508B /* NavigationSampleViewController.swift */; };
		FFB3C9A6984CE0A0564C4BB5 /* Pods_Demo.framework in Frameworks */ = {isa = PBXBuildFile; fileRef = BB1F62A8E516E8119E4035F3 /* Pods_Demo.framework */; };
/* End PBXBuildFile section */

/* Begin PBXContainerItemProxy section */
		4B895B0D26210D7D00EB7312 /* PBXContainerItemProxy */ = {
			isa = PBXContainerItemProxy;
			containerPortal = 4B61047B25C999430058D264 /* Project object */;
			proxyType = 1;
			remoteGlobalIDString = 4B895B0726210D7D00EB7312;
			remoteInfo = FluidViewController;
		};
/* End PBXContainerItemProxy section */

/* Begin PBXCopyFilesBuildPhase section */
		4B895B1126210D7D00EB7312 /* Embed Frameworks */ = {
			isa = PBXCopyFilesBuildPhase;
			buildActionMask = 2147483647;
			dstPath = "";
			dstSubfolderSpec = 10;
			files = (
				4B895B1026210D7D00EB7312 /* FluidPresentation.framework in Embed Frameworks */,
			);
			name = "Embed Frameworks";
			runOnlyForDeploymentPostprocessing = 0;
		};
/* End PBXCopyFilesBuildPhase section */

/* Begin PBXFileReference section */
		17AB01176E3BBB602A9AD9F5 /* Pods-Demo.debug.xcconfig */ = {isa = PBXFileReference; includeInIndex = 1; lastKnownFileType = text.xcconfig; name = "Pods-Demo.debug.xcconfig"; path = "Target Support Files/Pods-Demo/Pods-Demo.debug.xcconfig"; sourceTree = "<group>"; };
		4B61048325C999430058D264 /* Demo.app */ = {isa = PBXFileReference; explicitFileType = wrapper.application; includeInIndex = 0; path = Demo.app; sourceTree = BUILT_PRODUCTS_DIR; };
		4B61048625C999430058D264 /* AppDelegate.swift */ = {isa = PBXFileReference; lastKnownFileType = sourcecode.swift; path = AppDelegate.swift; sourceTree = "<group>"; };
		4B61048A25C999430058D264 /* ViewController.swift */ = {isa = PBXFileReference; lastKnownFileType = sourcecode.swift; path = ViewController.swift; sourceTree = "<group>"; };
		4B61048D25C999430058D264 /* Base */ = {isa = PBXFileReference; lastKnownFileType = file.storyboard; name = Base; path = Base.lproj/Main.storyboard; sourceTree = "<group>"; };
		4B61048F25C999440058D264 /* Assets.xcassets */ = {isa = PBXFileReference; lastKnownFileType = folder.assetcatalog; path = Assets.xcassets; sourceTree = "<group>"; };
		4B61049225C999440058D264 /* Base */ = {isa = PBXFileReference; lastKnownFileType = file.storyboard; name = Base; path = Base.lproj/LaunchScreen.storyboard; sourceTree = "<group>"; };
		4B61049425C999440058D264 /* Info.plist */ = {isa = PBXFileReference; lastKnownFileType = text.plist.xml; path = Info.plist; sourceTree = "<group>"; };
		4B895B0826210D7D00EB7312 /* FluidPresentation.framework */ = {isa = PBXFileReference; explicitFileType = wrapper.framework; includeInIndex = 0; path = FluidPresentation.framework; sourceTree = BUILT_PRODUCTS_DIR; };
		4B895B0A26210D7D00EB7312 /* FluidViewController.h */ = {isa = PBXFileReference; lastKnownFileType = sourcecode.c.h; path = FluidViewController.h; sourceTree = "<group>"; };
		4B895B0B26210D7D00EB7312 /* Info.plist */ = {isa = PBXFileReference; lastKnownFileType = text.plist.xml; path = Info.plist; sourceTree = "<group>"; };
		4B895B2126210F1700EB7312 /* SampleViewController.swift */ = {isa = PBXFileReference; lastKnownFileType = sourcecode.swift; path = SampleViewController.swift; sourceTree = "<group>"; };
		4BA9B2792620409900CA3D45 /* FluidViewController.swift */ = {isa = PBXFileReference; lastKnownFileType = sourcecode.swift; path = FluidViewController.swift; sourceTree = "<group>"; };
		4BA9B27C26204CBB00CA3D45 /* TransitionControllers.swift */ = {isa = PBXFileReference; lastKnownFileType = sourcecode.swift; path = TransitionControllers.swift; sourceTree = "<group>"; };
		4BF23D5326218B1B001D508B /* ContentView.swift */ = {isa = PBXFileReference; lastKnownFileType = sourcecode.swift; path = ContentView.swift; sourceTree = "<group>"; };
		4BF23D5D2621B11D001D508B /* ScrollView+Handling.swift */ = {isa = PBXFileReference; lastKnownFileType = sourcecode.swift; path = "ScrollView+Handling.swift"; sourceTree = "<group>"; };
		4BF23D602621B857001D508B /* Log.swift */ = {isa = PBXFileReference; lastKnownFileType = sourcecode.swift; path = Log.swift; sourceTree = "<group>"; };
		4BF23D6426220CFF001D508B /* FluidNavigationBarViewController.swift */ = {isa = PBXFileReference; lastKnownFileType = sourcecode.swift; path = FluidNavigationBarViewController.swift; sourceTree = "<group>"; };
		4BF23D6A262210DC001D508B /* NavigationSampleViewController.swift */ = {isa = PBXFileReference; lastKnownFileType = sourcecode.swift; path = NavigationSampleViewController.swift; sourceTree = "<group>"; };
		782274603CFA4B30DDBA934C /* Pods-PresentationViewController.debug.xcconfig */ = {isa = PBXFileReference; includeInIndex = 1; lastKnownFileType = text.xcconfig; name = "Pods-PresentationViewController.debug.xcconfig"; path = "Target Support Files/Pods-PresentationViewController/Pods-PresentationViewController.debug.xcconfig"; sourceTree = "<group>"; };
		94C9550B108CA57498817401 /* Pods-PresentationViewController.release.xcconfig */ = {isa = PBXFileReference; includeInIndex = 1; lastKnownFileType = text.xcconfig; name = "Pods-PresentationViewController.release.xcconfig"; path = "Target Support Files/Pods-PresentationViewController/Pods-PresentationViewController.release.xcconfig"; sourceTree = "<group>"; };
		BB1F62A8E516E8119E4035F3 /* Pods_Demo.framework */ = {isa = PBXFileReference; explicitFileType = wrapper.framework; includeInIndex = 0; path = Pods_Demo.framework; sourceTree = BUILT_PRODUCTS_DIR; };
		E8D58084533A05D6336A5FDF /* Pods-Demo.release.xcconfig */ = {isa = PBXFileReference; includeInIndex = 1; lastKnownFileType = text.xcconfig; name = "Pods-Demo.release.xcconfig"; path = "Target Support Files/Pods-Demo/Pods-Demo.release.xcconfig"; sourceTree = "<group>"; };
/* End PBXFileReference section */

/* Begin PBXFrameworksBuildPhase section */
		4B61048025C999430058D264 /* Frameworks */ = {
			isa = PBXFrameworksBuildPhase;
			buildActionMask = 2147483647;
			files = (
				4B895B0F26210D7D00EB7312 /* FluidPresentation.framework in Frameworks */,
				FFB3C9A6984CE0A0564C4BB5 /* Pods_Demo.framework in Frameworks */,
			);
			runOnlyForDeploymentPostprocessing = 0;
		};
		4B895B0526210D7D00EB7312 /* Frameworks */ = {
			isa = PBXFrameworksBuildPhase;
			buildActionMask = 2147483647;
			files = (
			);
			runOnlyForDeploymentPostprocessing = 0;
		};
/* End PBXFrameworksBuildPhase section */

/* Begin PBXGroup section */
		3DE27014C4315953E8A7A17B /* Frameworks */ = {
			isa = PBXGroup;
			children = (
				BB1F62A8E516E8119E4035F3 /* Pods_Demo.framework */,
			);
			name = Frameworks;
			sourceTree = "<group>";
		};
		4B61047A25C999430058D264 = {
			isa = PBXGroup;
			children = (
				4B895B0926210D7D00EB7312 /* FluidPresentation */,
				4B61048525C999430058D264 /* PresentationViewController */,
				4B61048425C999430058D264 /* Products */,
				E2635A8DE8B4B14D214A4A03 /* Pods */,
				3DE27014C4315953E8A7A17B /* Frameworks */,
			);
			sourceTree = "<group>";
		};
		4B61048425C999430058D264 /* Products */ = {
			isa = PBXGroup;
			children = (
				4B61048325C999430058D264 /* Demo.app */,
				4B895B0826210D7D00EB7312 /* FluidPresentation.framework */,
			);
			name = Products;
			sourceTree = "<group>";
		};
		4B61048525C999430058D264 /* PresentationViewController */ = {
			isa = PBXGroup;
			children = (
				4B61048625C999430058D264 /* AppDelegate.swift */,
				4B61048A25C999430058D264 /* ViewController.swift */,
				4BF23D5326218B1B001D508B /* ContentView.swift */,
				4B895B2126210F1700EB7312 /* SampleViewController.swift */,
				4BF23D6A262210DC001D508B /* NavigationSampleViewController.swift */,
				4B61048C25C999430058D264 /* Main.storyboard */,
				4B61048F25C999440058D264 /* Assets.xcassets */,
				4B61049125C999440058D264 /* LaunchScreen.storyboard */,
				4B61049425C999440058D264 /* Info.plist */,
			);
			path = PresentationViewController;
			sourceTree = "<group>";
		};
		4B895B0926210D7D00EB7312 /* FluidPresentation */ = {
			isa = PBXGroup;
			children = (
				4B895B0A26210D7D00EB7312 /* FluidViewController.h */,
				4BA9B2792620409900CA3D45 /* FluidViewController.swift */,
				4BF23D6426220CFF001D508B /* FluidNavigationBarViewController.swift */,
				4BF23D602621B857001D508B /* Log.swift */,
				4BF23D5D2621B11D001D508B /* ScrollView+Handling.swift */,
				4BA9B27C26204CBB00CA3D45 /* TransitionControllers.swift */,
				4B895B0B26210D7D00EB7312 /* Info.plist */,
			);
			path = FluidPresentation;
			sourceTree = "<group>";
		};
		E2635A8DE8B4B14D214A4A03 /* Pods */ = {
			isa = PBXGroup;
			children = (
				782274603CFA4B30DDBA934C /* Pods-PresentationViewController.debug.xcconfig */,
				94C9550B108CA57498817401 /* Pods-PresentationViewController.release.xcconfig */,
				17AB01176E3BBB602A9AD9F5 /* Pods-Demo.debug.xcconfig */,
				E8D58084533A05D6336A5FDF /* Pods-Demo.release.xcconfig */,
			);
			path = Pods;
			sourceTree = "<group>";
		};
/* End PBXGroup section */

/* Begin PBXHeadersBuildPhase section */
		4B895B0326210D7D00EB7312 /* Headers */ = {
			isa = PBXHeadersBuildPhase;
			buildActionMask = 2147483647;
			files = (
				4B895B0C26210D7D00EB7312 /* FluidViewController.h in Headers */,
			);
			runOnlyForDeploymentPostprocessing = 0;
		};
/* End PBXHeadersBuildPhase section */

/* Begin PBXNativeTarget section */
		4B61048225C999430058D264 /* Demo */ = {
			isa = PBXNativeTarget;
			buildConfigurationList = 4B61049725C999440058D264 /* Build configuration list for PBXNativeTarget "Demo" */;
			buildPhases = (
				399A991D4FEE23A73B1A54A5 /* [CP] Check Pods Manifest.lock */,
				4B61047F25C999430058D264 /* Sources */,
				4B61048025C999430058D264 /* Frameworks */,
				4B61048125C999430058D264 /* Resources */,
				461EB23404D15BFDD8A797F0 /* [CP] Embed Pods Frameworks */,
				4B895B1126210D7D00EB7312 /* Embed Frameworks */,
			);
			buildRules = (
			);
			dependencies = (
				4B895B0E26210D7D00EB7312 /* PBXTargetDependency */,
			);
			name = Demo;
			productName = PresentationViewController;
			productReference = 4B61048325C999430058D264 /* Demo.app */;
			productType = "com.apple.product-type.application";
		};
		4B895B0726210D7D00EB7312 /* FluidPresentation */ = {
			isa = PBXNativeTarget;
			buildConfigurationList = 4B895B1426210D7D00EB7312 /* Build configuration list for PBXNativeTarget "FluidPresentation" */;
			buildPhases = (
				4B895B0326210D7D00EB7312 /* Headers */,
				4B895B0426210D7D00EB7312 /* Sources */,
				4B895B0526210D7D00EB7312 /* Frameworks */,
				4B895B0626210D7D00EB7312 /* Resources */,
			);
			buildRules = (
			);
			dependencies = (
			);
			name = FluidPresentation;
			productName = FluidViewController;
			productReference = 4B895B0826210D7D00EB7312 /* FluidPresentation.framework */;
			productType = "com.apple.product-type.framework";
		};
/* End PBXNativeTarget section */

/* Begin PBXProject section */
		4B61047B25C999430058D264 /* Project object */ = {
			isa = PBXProject;
			attributes = {
				LastSwiftUpdateCheck = 1240;
				LastUpgradeCheck = 1240;
				TargetAttributes = {
					4B61048225C999430058D264 = {
						CreatedOnToolsVersion = 12.4;
					};
					4B895B0726210D7D00EB7312 = {
						CreatedOnToolsVersion = 12.4;
					};
				};
			};
			buildConfigurationList = 4B61047E25C999430058D264 /* Build configuration list for PBXProject "PresentationViewController" */;
			compatibilityVersion = "Xcode 9.3";
			developmentRegion = en;
			hasScannedForEncodings = 0;
			knownRegions = (
				en,
				Base,
			);
			mainGroup = 4B61047A25C999430058D264;
			productRefGroup = 4B61048425C999430058D264 /* Products */;
			projectDirPath = "";
			projectRoot = "";
			targets = (
				4B61048225C999430058D264 /* Demo */,
				4B895B0726210D7D00EB7312 /* FluidPresentation */,
			);
		};
/* End PBXProject section */

/* Begin PBXResourcesBuildPhase section */
		4B61048125C999430058D264 /* Resources */ = {
			isa = PBXResourcesBuildPhase;
			buildActionMask = 2147483647;
			files = (
				4B61049325C999440058D264 /* LaunchScreen.storyboard in Resources */,
				4B61049025C999440058D264 /* Assets.xcassets in Resources */,
				4B61048E25C999430058D264 /* Main.storyboard in Resources */,
			);
			runOnlyForDeploymentPostprocessing = 0;
		};
		4B895B0626210D7D00EB7312 /* Resources */ = {
			isa = PBXResourcesBuildPhase;
			buildActionMask = 2147483647;
			files = (
			);
			runOnlyForDeploymentPostprocessing = 0;
		};
/* End PBXResourcesBuildPhase section */

/* Begin PBXShellScriptBuildPhase section */
		399A991D4FEE23A73B1A54A5 /* [CP] Check Pods Manifest.lock */ = {
			isa = PBXShellScriptBuildPhase;
			buildActionMask = 2147483647;
			files = (
			);
			inputFileListPaths = (
			);
			inputPaths = (
				"${PODS_PODFILE_DIR_PATH}/Podfile.lock",
				"${PODS_ROOT}/Manifest.lock",
			);
			name = "[CP] Check Pods Manifest.lock";
			outputFileListPaths = (
			);
			outputPaths = (
				"$(DERIVED_FILE_DIR)/Pods-Demo-checkManifestLockResult.txt",
			);
			runOnlyForDeploymentPostprocessing = 0;
			shellPath = /bin/sh;
			shellScript = "diff \"${PODS_PODFILE_DIR_PATH}/Podfile.lock\" \"${PODS_ROOT}/Manifest.lock\" > /dev/null\nif [ $? != 0 ] ; then\n    # print error to STDERR\n    echo \"error: The sandbox is not in sync with the Podfile.lock. Run 'pod install' or update your CocoaPods installation.\" >&2\n    exit 1\nfi\n# This output is used by Xcode 'outputs' to avoid re-running this script phase.\necho \"SUCCESS\" > \"${SCRIPT_OUTPUT_FILE_0}\"\n";
			showEnvVarsInLog = 0;
		};
		461EB23404D15BFDD8A797F0 /* [CP] Embed Pods Frameworks */ = {
			isa = PBXShellScriptBuildPhase;
			buildActionMask = 2147483647;
			files = (
			);
			inputFileListPaths = (
				"${PODS_ROOT}/Target Support Files/Pods-Demo/Pods-Demo-frameworks-${CONFIGURATION}-input-files.xcfilelist",
			);
			name = "[CP] Embed Pods Frameworks";
			outputFileListPaths = (
				"${PODS_ROOT}/Target Support Files/Pods-Demo/Pods-Demo-frameworks-${CONFIGURATION}-output-files.xcfilelist",
			);
			runOnlyForDeploymentPostprocessing = 0;
			shellPath = /bin/sh;
			shellScript = "\"${PODS_ROOT}/Target Support Files/Pods-Demo/Pods-Demo-frameworks.sh\"\n";
			showEnvVarsInLog = 0;
		};
/* End PBXShellScriptBuildPhase section */

/* Begin PBXSourcesBuildPhase section */
		4B61047F25C999430058D264 /* Sources */ = {
			isa = PBXSourcesBuildPhase;
			buildActionMask = 2147483647;
			files = (
				4BF23D6E26221103001D508B /* NavigationSampleViewController.swift in Sources */,
				4B61048B25C999430058D264 /* ViewController.swift in Sources */,
				4B61048725C999430058D264 /* AppDelegate.swift in Sources */,
				4BF23D5426218B1B001D508B /* ContentView.swift in Sources */,
				4B895B2226210F1700EB7312 /* SampleViewController.swift in Sources */,
			);
			runOnlyForDeploymentPostprocessing = 0;
		};
		4B895B0426210D7D00EB7312 /* Sources */ = {
			isa = PBXSourcesBuildPhase;
			buildActionMask = 2147483647;
			files = (
				4B895B1726210DA200EB7312 /* TransitionControllers.swift in Sources */,
				4BF23D5E2621B11D001D508B /* ScrollView+Handling.swift in Sources */,
				4BF23D612621B857001D508B /* Log.swift in Sources */,
				4BF23D6526220CFF001D508B /* FluidNavigationBarViewController.swift in Sources */,
				4B895B1626210DA200EB7312 /* FluidViewController.swift in Sources */,
			);
			runOnlyForDeploymentPostprocessing = 0;
		};
/* End PBXSourcesBuildPhase section */

/* Begin PBXTargetDependency section */
		4B895B0E26210D7D00EB7312 /* PBXTargetDependency */ = {
			isa = PBXTargetDependency;
			target = 4B895B0726210D7D00EB7312 /* FluidPresentation */;
			targetProxy = 4B895B0D26210D7D00EB7312 /* PBXContainerItemProxy */;
		};
/* End PBXTargetDependency section */

/* Begin PBXVariantGroup section */
		4B61048C25C999430058D264 /* Main.storyboard */ = {
			isa = PBXVariantGroup;
			children = (
				4B61048D25C999430058D264 /* Base */,
			);
			name = Main.storyboard;
			sourceTree = "<group>";
		};
		4B61049125C999440058D264 /* LaunchScreen.storyboard */ = {
			isa = PBXVariantGroup;
			children = (
				4B61049225C999440058D264 /* Base */,
			);
			name = LaunchScreen.storyboard;
			sourceTree = "<group>";
		};
/* End PBXVariantGroup section */

/* Begin XCBuildConfiguration section */
		4B61049525C999440058D264 /* Debug */ = {
			isa = XCBuildConfiguration;
			buildSettings = {
				ALWAYS_SEARCH_USER_PATHS = NO;
				CLANG_ANALYZER_NONNULL = YES;
				CLANG_ANALYZER_NUMBER_OBJECT_CONVERSION = YES_AGGRESSIVE;
				CLANG_CXX_LANGUAGE_STANDARD = "gnu++14";
				CLANG_CXX_LIBRARY = "libc++";
				CLANG_ENABLE_MODULES = YES;
				CLANG_ENABLE_OBJC_ARC = YES;
				CLANG_ENABLE_OBJC_WEAK = YES;
				CLANG_WARN_BLOCK_CAPTURE_AUTORELEASING = YES;
				CLANG_WARN_BOOL_CONVERSION = YES;
				CLANG_WARN_COMMA = YES;
				CLANG_WARN_CONSTANT_CONVERSION = YES;
				CLANG_WARN_DEPRECATED_OBJC_IMPLEMENTATIONS = YES;
				CLANG_WARN_DIRECT_OBJC_ISA_USAGE = YES_ERROR;
				CLANG_WARN_DOCUMENTATION_COMMENTS = YES;
				CLANG_WARN_EMPTY_BODY = YES;
				CLANG_WARN_ENUM_CONVERSION = YES;
				CLANG_WARN_INFINITE_RECURSION = YES;
				CLANG_WARN_INT_CONVERSION = YES;
				CLANG_WARN_NON_LITERAL_NULL_CONVERSION = YES;
				CLANG_WARN_OBJC_IMPLICIT_RETAIN_SELF = YES;
				CLANG_WARN_OBJC_LITERAL_CONVERSION = YES;
				CLANG_WARN_OBJC_ROOT_CLASS = YES_ERROR;
				CLANG_WARN_QUOTED_INCLUDE_IN_FRAMEWORK_HEADER = YES;
				CLANG_WARN_RANGE_LOOP_ANALYSIS = YES;
				CLANG_WARN_STRICT_PROTOTYPES = YES;
				CLANG_WARN_SUSPICIOUS_MOVE = YES;
				CLANG_WARN_UNGUARDED_AVAILABILITY = YES_AGGRESSIVE;
				CLANG_WARN_UNREACHABLE_CODE = YES;
				CLANG_WARN__DUPLICATE_METHOD_MATCH = YES;
				COPY_PHASE_STRIP = NO;
				DEBUG_INFORMATION_FORMAT = dwarf;
				ENABLE_STRICT_OBJC_MSGSEND = YES;
				ENABLE_TESTABILITY = YES;
				GCC_C_LANGUAGE_STANDARD = gnu11;
				GCC_DYNAMIC_NO_PIC = NO;
				GCC_NO_COMMON_BLOCKS = YES;
				GCC_OPTIMIZATION_LEVEL = 0;
				GCC_PREPROCESSOR_DEFINITIONS = (
					"DEBUG=1",
					"$(inherited)",
				);
				GCC_WARN_64_TO_32_BIT_CONVERSION = YES;
				GCC_WARN_ABOUT_RETURN_TYPE = YES_ERROR;
				GCC_WARN_UNDECLARED_SELECTOR = YES;
				GCC_WARN_UNINITIALIZED_AUTOS = YES_AGGRESSIVE;
				GCC_WARN_UNUSED_FUNCTION = YES;
				GCC_WARN_UNUSED_VARIABLE = YES;
				IPHONEOS_DEPLOYMENT_TARGET = 14.4;
				MTL_ENABLE_DEBUG_INFO = INCLUDE_SOURCE;
				MTL_FAST_MATH = YES;
				ONLY_ACTIVE_ARCH = YES;
				SDKROOT = iphoneos;
				SWIFT_ACTIVE_COMPILATION_CONDITIONS = DEBUG;
				SWIFT_OPTIMIZATION_LEVEL = "-Onone";
			};
			name = Debug;
		};
		4B61049625C999440058D264 /* Release */ = {
			isa = XCBuildConfiguration;
			buildSettings = {
				ALWAYS_SEARCH_USER_PATHS = NO;
				CLANG_ANALYZER_NONNULL = YES;
				CLANG_ANALYZER_NUMBER_OBJECT_CONVERSION = YES_AGGRESSIVE;
				CLANG_CXX_LANGUAGE_STANDARD = "gnu++14";
				CLANG_CXX_LIBRARY = "libc++";
				CLANG_ENABLE_MODULES = YES;
				CLANG_ENABLE_OBJC_ARC = YES;
				CLANG_ENABLE_OBJC_WEAK = YES;
				CLANG_WARN_BLOCK_CAPTURE_AUTORELEASING = YES;
				CLANG_WARN_BOOL_CONVERSION = YES;
				CLANG_WARN_COMMA = YES;
				CLANG_WARN_CONSTANT_CONVERSION = YES;
				CLANG_WARN_DEPRECATED_OBJC_IMPLEMENTATIONS = YES;
				CLANG_WARN_DIRECT_OBJC_ISA_USAGE = YES_ERROR;
				CLANG_WARN_DOCUMENTATION_COMMENTS = YES;
				CLANG_WARN_EMPTY_BODY = YES;
				CLANG_WARN_ENUM_CONVERSION = YES;
				CLANG_WARN_INFINITE_RECURSION = YES;
				CLANG_WARN_INT_CONVERSION = YES;
				CLANG_WARN_NON_LITERAL_NULL_CONVERSION = YES;
				CLANG_WARN_OBJC_IMPLICIT_RETAIN_SELF = YES;
				CLANG_WARN_OBJC_LITERAL_CONVERSION = YES;
				CLANG_WARN_OBJC_ROOT_CLASS = YES_ERROR;
				CLANG_WARN_QUOTED_INCLUDE_IN_FRAMEWORK_HEADER = YES;
				CLANG_WARN_RANGE_LOOP_ANALYSIS = YES;
				CLANG_WARN_STRICT_PROTOTYPES = YES;
				CLANG_WARN_SUSPICIOUS_MOVE = YES;
				CLANG_WARN_UNGUARDED_AVAILABILITY = YES_AGGRESSIVE;
				CLANG_WARN_UNREACHABLE_CODE = YES;
				CLANG_WARN__DUPLICATE_METHOD_MATCH = YES;
				COPY_PHASE_STRIP = NO;
				DEBUG_INFORMATION_FORMAT = "dwarf-with-dsym";
				ENABLE_NS_ASSERTIONS = NO;
				ENABLE_STRICT_OBJC_MSGSEND = YES;
				GCC_C_LANGUAGE_STANDARD = gnu11;
				GCC_NO_COMMON_BLOCKS = YES;
				GCC_WARN_64_TO_32_BIT_CONVERSION = YES;
				GCC_WARN_ABOUT_RETURN_TYPE = YES_ERROR;
				GCC_WARN_UNDECLARED_SELECTOR = YES;
				GCC_WARN_UNINITIALIZED_AUTOS = YES_AGGRESSIVE;
				GCC_WARN_UNUSED_FUNCTION = YES;
				GCC_WARN_UNUSED_VARIABLE = YES;
				IPHONEOS_DEPLOYMENT_TARGET = 14.4;
				MTL_ENABLE_DEBUG_INFO = NO;
				MTL_FAST_MATH = YES;
				SDKROOT = iphoneos;
				SWIFT_COMPILATION_MODE = wholemodule;
				SWIFT_OPTIMIZATION_LEVEL = "-O";
				VALIDATE_PRODUCT = YES;
			};
			name = Release;
		};
		4B61049825C999440058D264 /* Debug */ = {
			isa = XCBuildConfiguration;
			baseConfigurationReference = 17AB01176E3BBB602A9AD9F5 /* Pods-Demo.debug.xcconfig */;
			buildSettings = {
				ALWAYS_EMBED_SWIFT_STANDARD_LIBRARIES = YES;
				ASSETCATALOG_COMPILER_APPICON_NAME = AppIcon;
				ASSETCATALOG_COMPILER_GLOBAL_ACCENT_COLOR_NAME = AccentColor;
				CODE_SIGN_STYLE = Automatic;
				DEVELOPMENT_TEAM = KU2QEJ9K3Z;
				INFOPLIST_FILE = PresentationViewController/Info.plist;
				IPHONEOS_DEPLOYMENT_TARGET = 13.0;
				LD_RUNPATH_SEARCH_PATHS = (
					"$(inherited)",
					"@executable_path/Frameworks",
				);
				PRODUCT_BUNDLE_IDENTIFIER = app.muukii.PresentationViewController;
				PRODUCT_NAME = "$(TARGET_NAME)";
				SWIFT_VERSION = 5.0;
				TARGETED_DEVICE_FAMILY = "1,2";
			};
			name = Debug;
		};
		4B61049925C999440058D264 /* Release */ = {
			isa = XCBuildConfiguration;
			baseConfigurationReference = E8D58084533A05D6336A5FDF /* Pods-Demo.release.xcconfig */;
			buildSettings = {
				ALWAYS_EMBED_SWIFT_STANDARD_LIBRARIES = YES;
				ASSETCATALOG_COMPILER_APPICON_NAME = AppIcon;
				ASSETCATALOG_COMPILER_GLOBAL_ACCENT_COLOR_NAME = AccentColor;
				CODE_SIGN_STYLE = Automatic;
				DEVELOPMENT_TEAM = KU2QEJ9K3Z;
				INFOPLIST_FILE = PresentationViewController/Info.plist;
				IPHONEOS_DEPLOYMENT_TARGET = 13.0;
				LD_RUNPATH_SEARCH_PATHS = (
					"$(inherited)",
					"@executable_path/Frameworks",
				);
				PRODUCT_BUNDLE_IDENTIFIER = app.muukii.PresentationViewController;
				PRODUCT_NAME = "$(TARGET_NAME)";
				SWIFT_VERSION = 5.0;
				TARGETED_DEVICE_FAMILY = "1,2";
			};
			name = Release;
		};
		4B895B1226210D7D00EB7312 /* Debug */ = {
			isa = XCBuildConfiguration;
			buildSettings = {
				CODE_SIGN_STYLE = Automatic;
				CURRENT_PROJECT_VERSION = 1;
				DEFINES_MODULE = YES;
				DEVELOPMENT_TEAM = KU2QEJ9K3Z;
				DYLIB_COMPATIBILITY_VERSION = 1;
				DYLIB_CURRENT_VERSION = 1;
				DYLIB_INSTALL_NAME_BASE = "@rpath";
				INFOPLIST_FILE = FluidPresentation/Info.plist;
				INSTALL_PATH = "$(LOCAL_LIBRARY_DIR)/Frameworks";
				IPHONEOS_DEPLOYMENT_TARGET = 12.1;
				LD_RUNPATH_SEARCH_PATHS = (
					"$(inherited)",
					"@executable_path/Frameworks",
					"@loader_path/Frameworks",
				);
				PRODUCT_BUNDLE_IDENTIFIER = app.muukii.FluidViewController;
				PRODUCT_NAME = "$(TARGET_NAME:c99extidentifier)";
				SKIP_INSTALL = YES;
				SWIFT_VERSION = 5.0;
				TARGETED_DEVICE_FAMILY = "1,2";
				VERSIONING_SYSTEM = "apple-generic";
				VERSION_INFO_PREFIX = "";
			};
			name = Debug;
		};
		4B895B1326210D7D00EB7312 /* Release */ = {
			isa = XCBuildConfiguration;
			buildSettings = {
				CODE_SIGN_STYLE = Automatic;
				CURRENT_PROJECT_VERSION = 1;
				DEFINES_MODULE = YES;
				DEVELOPMENT_TEAM = KU2QEJ9K3Z;
				DYLIB_COMPATIBILITY_VERSION = 1;
				DYLIB_CURRENT_VERSION = 1;
				DYLIB_INSTALL_NAME_BASE = "@rpath";
				INFOPLIST_FILE = FluidPresentation/Info.plist;
				INSTALL_PATH = "$(LOCAL_LIBRARY_DIR)/Frameworks";
				IPHONEOS_DEPLOYMENT_TARGET = 12.1;
				LD_RUNPATH_SEARCH_PATHS = (
					"$(inherited)",
					"@executable_path/Frameworks",
					"@loader_path/Frameworks",
				);
				PRODUCT_BUNDLE_IDENTIFIER = app.muukii.FluidViewController;
				PRODUCT_NAME = "$(TARGET_NAME:c99extidentifier)";
				SKIP_INSTALL = YES;
				SWIFT_VERSION = 5.0;
				TARGETED_DEVICE_FAMILY = "1,2";
				VERSIONING_SYSTEM = "apple-generic";
				VERSION_INFO_PREFIX = "";
			};
			name = Release;
		};
/* End XCBuildConfiguration section */

/* Begin XCConfigurationList section */
		4B61047E25C999430058D264 /* Build configuration list for PBXProject "PresentationViewController" */ = {
			isa = XCConfigurationList;
			buildConfigurations = (
				4B61049525C999440058D264 /* Debug */,
				4B61049625C999440058D264 /* Release */,
			);
			defaultConfigurationIsVisible = 0;
			defaultConfigurationName = Release;
		};
		4B61049725C999440058D264 /* Build configuration list for PBXNativeTarget "Demo" */ = {
			isa = XCConfigurationList;
			buildConfigurations = (
				4B61049825C999440058D264 /* Debug */,
				4B61049925C999440058D264 /* Release */,
			);
			defaultConfigurationIsVisible = 0;
			defaultConfigurationName = Release;
		};
		4B895B1426210D7D00EB7312 /* Build configuration list for PBXNativeTarget "FluidPresentation" */ = {
			isa = XCConfigurationList;
			buildConfigurations = (
				4B895B1226210D7D00EB7312 /* Debug */,
				4B895B1326210D7D00EB7312 /* Release */,
			);
			defaultConfigurationIsVisible = 0;
			defaultConfigurationName = Release;
		};
/* End XCConfigurationList section */
	};
	rootObject = 4B61047B25C999430058D264 /* Project object */;
}
